
Microsoft Visual Studio Solution File, Format Version 12.00
# Visual Studio Version 16
VisualStudioVersion = 16.0.30717.126
MinimumVisualStudioVersion = 10.0.40219.1
Project("{FAE04EC0-301F-11D3-BF4B-00C04F79EFBC}") = "TrackerLibrary", "TrackerLibrary\TrackerLibrary.csproj", "{0755F2DD-96B3-4A0A-9B3C-E07597D56017}"
EndProject
Global
	GlobalSection(SolutionConfigurationPlatforms) = preSolution
		Debug|Any CPU = Debug|Any CPU
		Release|Any CPU = Release|Any CPU
	EndGlobalSection
	GlobalSection(ProjectConfigurationPlatforms) = postSolution
		{0755F2DD-96B3-4A0A-9B3C-E07597D56017}.Debug|Any CPU.ActiveCfg = Debug|Any CPU
		{0755F2DD-96B3-4A0A-9B3C-E07597D56017}.Debug|Any CPU.Build.0 = Debug|Any CPU
		{0755F2DD-96B3-4A0A-9B3C-E07597D56017}.Release|Any CPU.ActiveCfg = Release|Any CPU
		{0755F2DD-96B3-4A0A-9B3C-E07597D56017}.Release|Any CPU.Build.0 = Release|Any CPU
	EndGlobalSection
	GlobalSection(SolutionProperties) = preSolution
		HideSolutionNode = FALSE
	EndGlobalSection
	GlobalSection(ExtensibilityGlobals) = postSolution
		SolutionGuid = {EBA95D46-3FD7-4AA9-BC03-BE792224330A}
	EndGlobalSection
EndGlobal
